
Microsoft Visual Studio Solution File, Format Version 12.00
# Visual Studio Version 17
VisualStudioVersion = 17.14.36717.8
MinimumVisualStudioVersion = 10.0.40219.1
Project("{FAE04EC0-301F-11D3-BF4B-00C04F79EFBC}") = "xyRESTTest", "xyRESTTest\xyRESTTest.csproj", "{DB4BD87A-6426-4494-921B-AF1E0C2CCBCE}"
EndProject
Project("{FAE04EC0-301F-11D3-BF4B-00C04F79EFBC}") = "xyRESTTestLib", "xyRESTTestLib\xyRESTTestLib.csproj", "{08AF0808-24C4-4E22-9912-5DD896417D86}"
EndProject
Global
	GlobalSection(SolutionConfigurationPlatforms) = preSolution
		Debug|Any CPU = Debug|Any CPU
		Release|Any CPU = Release|Any CPU
	EndGlobalSection
	GlobalSection(ProjectConfigurationPlatforms) = postSolution
		{DB4BD87A-6426-4494-921B-AF1E0C2CCBCE}.Debug|Any CPU.ActiveCfg = Debug|Any CPU
		{DB4BD87A-6426-4494-921B-AF1E0C2CCBCE}.Debug|Any CPU.Build.0 = Debug|Any CPU
		{DB4BD87A-6426-4494-921B-AF1E0C2CCBCE}.Release|Any CPU.ActiveCfg = Release|Any CPU
		{DB4BD87A-6426-4494-921B-AF1E0C2CCBCE}.Release|Any CPU.Build.0 = Release|Any CPU
		{08AF0808-24C4-4E22-9912-5DD896417D86}.Debug|Any CPU.ActiveCfg = Debug|Any CPU
		{08AF0808-24C4-4E22-9912-5DD896417D86}.Debug|Any CPU.Build.0 = Debug|Any CPU
		{08AF0808-24C4-4E22-9912-5DD896417D86}.Release|Any CPU.ActiveCfg = Release|Any CPU
		{08AF0808-24C4-4E22-9912-5DD896417D86}.Release|Any CPU.Build.0 = Release|Any CPU
	EndGlobalSection
	GlobalSection(SolutionProperties) = preSolution
		HideSolutionNode = FALSE
	EndGlobalSection
	GlobalSection(ExtensibilityGlobals) = postSolution
		SolutionGuid = {92BD5682-2CB1-4A5B-B6C9-9A6F4AE3C9E2}
	EndGlobalSection
EndGlobal
